
Microsoft Visual Studio Solution File, Format Version 12.00
# Visual Studio Version 17
VisualStudioVersion = 17.3.32929.385
MinimumVisualStudioVersion = 10.0.40219.1
Project("{9A19103F-16F7-4668-BE54-9A1E7A4F7556}") = "Hometasks", "Hometasks\Hometasks.csproj", "{52B1F7ED-73C1-4EE9-8DCD-37127DE07A23}"
EndProject
Project("{9A19103F-16F7-4668-BE54-9A1E7A4F7556}") = "Homework3_1", "Homework3_1\Homework3_1.csproj", "{52FB04F8-CF7A-4925-BBF7-879AEA88876D}"
EndProject
Project("{9A19103F-16F7-4668-BE54-9A1E7A4F7556}") = "Homework3_2", "Homework3_2\Homework3_2.csproj", "{04752366-A7DD-4876-96E5-6E2D4A56DA3A}"
EndProject
Project("{9A19103F-16F7-4668-BE54-9A1E7A4F7556}") = "Homework3_4", "Homework3_4\Homework3_4.csproj", "{5AFC7372-4E74-402A-B993-83147B2E41F1}"
EndProject
Project("{9A19103F-16F7-4668-BE54-9A1E7A4F7556}") = "Homework3_3", "Homework3_3\Homework3_3.csproj", "{3B7E6ED6-B75E-494D-BA32-E35C272377CD}"
EndProject
Project("{9A19103F-16F7-4668-BE54-9A1E7A4F7556}") = "Homework1", "Homework1\Homework1.csproj", "{EA25278E-C573-4C15-BE4B-222C40E78E02}"
EndProject
Project("{9A19103F-16F7-4668-BE54-9A1E7A4F7556}") = "Homework4_1", "Hometask4_1\Homework4_1.csproj", "{6AEC44D6-B647-4A73-8495-2E660EDED258}"
EndProject
Project("{9A19103F-16F7-4668-BE54-9A1E7A4F7556}") = "Homework4_2", "Homework4_2\Homework4_2.csproj", "{EB172053-8132-4560-B980-A6510D54BDA8}"
EndProject
Project("{9A19103F-16F7-4668-BE54-9A1E7A4F7556}") = "Method", "Method\Method.csproj", "{6C9FB9B1-50BD-4CF3-BACC-E6DE4DD7E227}"
EndProject
Project("{9A19103F-16F7-4668-BE54-9A1E7A4F7556}") = "Homework5_1", "Homework5_1\Homework5_1.csproj", "{E5B0A2BE-507D-4F00-9F7B-D81BCBBD8805}"
EndProject
Project("{9A19103F-16F7-4668-BE54-9A1E7A4F7556}") = "Homework5_2", "Homework5_2\Homework5_2.csproj", "{62342185-4D8A-468F-865F-81788606E848}"
EndProject
Project("{9A19103F-16F7-4668-BE54-9A1E7A4F7556}") = "Homework5_3", "Homework5_3\Homework5_3.csproj", "{399679D7-BB83-4483-8782-F405D142D5C7}"
EndProject
Project("{9A19103F-16F7-4668-BE54-9A1E7A4F7556}") = "Factorial", "Factorial\Factorial.csproj", "{08A15C58-1F66-4ECA-A607-70868327168A}"
EndProject
Project("{9A19103F-16F7-4668-BE54-9A1E7A4F7556}") = "Homework6_1", "Homework6_1\Homework6_1.csproj", "{0E07D00D-9576-4EC1-BF8D-1A9623548198}"
EndProject
Project("{9A19103F-16F7-4668-BE54-9A1E7A4F7556}") = "Homework6_2", "Homework6_2\Homework6_2.csproj", "{F47C50D1-37B1-41B0-BFA1-84E845ED328A}"
EndProject
Project("{9A19103F-16F7-4668-BE54-9A1E7A4F7556}") = "Homework6_3", "Homework6_3\Homework6_3.csproj", "{2DA5F634-2E5A-4F58-95A9-937535349E3D}"
EndProject
Project("{9A19103F-16F7-4668-BE54-9A1E7A4F7556}") = "Homework6.4", "Homework6.4\Homework6.4.csproj", "{0EA764C1-F609-485D-87F1-9CAB356BB9E8}"
EndProject
Project("{9A19103F-16F7-4668-BE54-9A1E7A4F7556}") = "Homework6_4", "Homework6_4\Homework6_4.csproj", "{81D0166B-4176-4241-A87E-AB375C9B91F9}"
EndProject
Project("{9A19103F-16F7-4668-BE54-9A1E7A4F7556}") = "Array", "Array\Array.csproj", "{32008077-19A4-4D07-955E-7068FBE12015}"
EndProject
Project("{9A19103F-16F7-4668-BE54-9A1E7A4F7556}") = "Homework7_1", "Homework7_1\Homework7_1.csproj", "{5CD0E2ED-8504-4DD4-8412-7696812C1745}"
EndProject
Project("{9A19103F-16F7-4668-BE54-9A1E7A4F7556}") = "Homework5_4", "Homework5_4\Homework5_4.csproj", "{E0347ACE-94C8-410F-A18C-DB8040942F43}"
EndProject
Project("{FAE04EC0-301F-11D3-BF4B-00C04F79EFBC}") = "Homework7_2Reverse", "Homework7_2Reverse\Homework7_2Reverse.csproj", "{290062C4-3398-4EBD-8ED5-F291E484CF87}"
EndProject
Global
	GlobalSection(SolutionConfigurationPlatforms) = preSolution
		Debug|Any CPU = Debug|Any CPU
		Release|Any CPU = Release|Any CPU
	EndGlobalSection
	GlobalSection(ProjectConfigurationPlatforms) = postSolution
		{52B1F7ED-73C1-4EE9-8DCD-37127DE07A23}.Debug|Any CPU.ActiveCfg = Debug|Any CPU
		{52B1F7ED-73C1-4EE9-8DCD-37127DE07A23}.Debug|Any CPU.Build.0 = Debug|Any CPU
		{52B1F7ED-73C1-4EE9-8DCD-37127DE07A23}.Release|Any CPU.ActiveCfg = Release|Any CPU
		{52B1F7ED-73C1-4EE9-8DCD-37127DE07A23}.Release|Any CPU.Build.0 = Release|Any CPU
		{52FB04F8-CF7A-4925-BBF7-879AEA88876D}.Debug|Any CPU.ActiveCfg = Debug|Any CPU
		{52FB04F8-CF7A-4925-BBF7-879AEA88876D}.Debug|Any CPU.Build.0 = Debug|Any CPU
		{52FB04F8-CF7A-4925-BBF7-879AEA88876D}.Release|Any CPU.ActiveCfg = Release|Any CPU
		{52FB04F8-CF7A-4925-BBF7-879AEA88876D}.Release|Any CPU.Build.0 = Release|Any CPU
		{04752366-A7DD-4876-96E5-6E2D4A56DA3A}.Debug|Any CPU.ActiveCfg = Debug|Any CPU
		{04752366-A7DD-4876-96E5-6E2D4A56DA3A}.Debug|Any CPU.Build.0 = Debug|Any CPU
		{04752366-A7DD-4876-96E5-6E2D4A56DA3A}.Release|Any CPU.ActiveCfg = Release|Any CPU
		{04752366-A7DD-4876-96E5-6E2D4A56DA3A}.Release|Any CPU.Build.0 = Release|Any CPU
		{5AFC7372-4E74-402A-B993-83147B2E41F1}.Debug|Any CPU.ActiveCfg = Debug|Any CPU
		{5AFC7372-4E74-402A-B993-83147B2E41F1}.Debug|Any CPU.Build.0 = Debug|Any CPU
		{5AFC7372-4E74-402A-B993-83147B2E41F1}.Release|Any CPU.ActiveCfg = Release|Any CPU
		{5AFC7372-4E74-402A-B993-83147B2E41F1}.Release|Any CPU.Build.0 = Release|Any CPU
		{3B7E6ED6-B75E-494D-BA32-E35C272377CD}.Debug|Any CPU.ActiveCfg = Debug|Any CPU
		{3B7E6ED6-B75E-494D-BA32-E35C272377CD}.Debug|Any CPU.Build.0 = Debug|Any CPU
		{3B7E6ED6-B75E-494D-BA32-E35C272377CD}.Release|Any CPU.ActiveCfg = Release|Any CPU
		{3B7E6ED6-B75E-494D-BA32-E35C272377CD}.Release|Any CPU.Build.0 = Release|Any CPU
		{EA25278E-C573-4C15-BE4B-222C40E78E02}.Debug|Any CPU.ActiveCfg = Debug|Any CPU
		{EA25278E-C573-4C15-BE4B-222C40E78E02}.Debug|Any CPU.Build.0 = Debug|Any CPU
		{EA25278E-C573-4C15-BE4B-222C40E78E02}.Release|Any CPU.ActiveCfg = Release|Any CPU
		{EA25278E-C573-4C15-BE4B-222C40E78E02}.Release|Any CPU.Build.0 = Release|Any CPU
		{6AEC44D6-B647-4A73-8495-2E660EDED258}.Debug|Any CPU.ActiveCfg = Debug|Any CPU
		{6AEC44D6-B647-4A73-8495-2E660EDED258}.Debug|Any CPU.Build.0 = Debug|Any CPU
		{6AEC44D6-B647-4A73-8495-2E660EDED258}.Release|Any CPU.ActiveCfg = Release|Any CPU
		{6AEC44D6-B647-4A73-8495-2E660EDED258}.Release|Any CPU.Build.0 = Release|Any CPU
		{EB172053-8132-4560-B980-A6510D54BDA8}.Debug|Any CPU.ActiveCfg = Debug|Any CPU
		{EB172053-8132-4560-B980-A6510D54BDA8}.Debug|Any CPU.Build.0 = Debug|Any CPU
		{EB172053-8132-4560-B980-A6510D54BDA8}.Release|Any CPU.ActiveCfg = Release|Any CPU
		{EB172053-8132-4560-B980-A6510D54BDA8}.Release|Any CPU.Build.0 = Release|Any CPU
		{6C9FB9B1-50BD-4CF3-BACC-E6DE4DD7E227}.Debug|Any CPU.ActiveCfg = Debug|Any CPU
		{6C9FB9B1-50BD-4CF3-BACC-E6DE4DD7E227}.Debug|Any CPU.Build.0 = Debug|Any CPU
		{6C9FB9B1-50BD-4CF3-BACC-E6DE4DD7E227}.Release|Any CPU.ActiveCfg = Release|Any CPU
		{6C9FB9B1-50BD-4CF3-BACC-E6DE4DD7E227}.Release|Any CPU.Build.0 = Release|Any CPU
		{E5B0A2BE-507D-4F00-9F7B-D81BCBBD8805}.Debug|Any CPU.ActiveCfg = Debug|Any CPU
		{E5B0A2BE-507D-4F00-9F7B-D81BCBBD8805}.Debug|Any CPU.Build.0 = Debug|Any CPU
		{E5B0A2BE-507D-4F00-9F7B-D81BCBBD8805}.Release|Any CPU.ActiveCfg = Release|Any CPU
		{E5B0A2BE-507D-4F00-9F7B-D81BCBBD8805}.Release|Any CPU.Build.0 = Release|Any CPU
		{62342185-4D8A-468F-865F-81788606E848}.Debug|Any CPU.ActiveCfg = Debug|Any CPU
		{62342185-4D8A-468F-865F-81788606E848}.Debug|Any CPU.Build.0 = Debug|Any CPU
		{62342185-4D8A-468F-865F-81788606E848}.Release|Any CPU.ActiveCfg = Release|Any CPU
		{62342185-4D8A-468F-865F-81788606E848}.Release|Any CPU.Build.0 = Release|Any CPU
		{399679D7-BB83-4483-8782-F405D142D5C7}.Debug|Any CPU.ActiveCfg = Debug|Any CPU
		{399679D7-BB83-4483-8782-F405D142D5C7}.Debug|Any CPU.Build.0 = Debug|Any CPU
		{399679D7-BB83-4483-8782-F405D142D5C7}.Release|Any CPU.ActiveCfg = Release|Any CPU
		{399679D7-BB83-4483-8782-F405D142D5C7}.Release|Any CPU.Build.0 = Release|Any CPU
		{08A15C58-1F66-4ECA-A607-70868327168A}.Debug|Any CPU.ActiveCfg = Debug|Any CPU
		{08A15C58-1F66-4ECA-A607-70868327168A}.Debug|Any CPU.Build.0 = Debug|Any CPU
		{08A15C58-1F66-4ECA-A607-70868327168A}.Release|Any CPU.ActiveCfg = Release|Any CPU
		{08A15C58-1F66-4ECA-A607-70868327168A}.Release|Any CPU.Build.0 = Release|Any CPU
		{0E07D00D-9576-4EC1-BF8D-1A9623548198}.Debug|Any CPU.ActiveCfg = Debug|Any CPU
		{0E07D00D-9576-4EC1-BF8D-1A9623548198}.Debug|Any CPU.Build.0 = Debug|Any CPU
		{0E07D00D-9576-4EC1-BF8D-1A9623548198}.Release|Any CPU.ActiveCfg = Release|Any CPU
		{0E07D00D-9576-4EC1-BF8D-1A9623548198}.Release|Any CPU.Build.0 = Release|Any CPU
		{F47C50D1-37B1-41B0-BFA1-84E845ED328A}.Debug|Any CPU.ActiveCfg = Debug|Any CPU
		{F47C50D1-37B1-41B0-BFA1-84E845ED328A}.Debug|Any CPU.Build.0 = Debug|Any CPU
		{F47C50D1-37B1-41B0-BFA1-84E845ED328A}.Release|Any CPU.ActiveCfg = Release|Any CPU
		{F47C50D1-37B1-41B0-BFA1-84E845ED328A}.Release|Any CPU.Build.0 = Release|Any CPU
		{2DA5F634-2E5A-4F58-95A9-937535349E3D}.Debug|Any CPU.ActiveCfg = Debug|Any CPU
		{2DA5F634-2E5A-4F58-95A9-937535349E3D}.Debug|Any CPU.Build.0 = Debug|Any CPU
		{2DA5F634-2E5A-4F58-95A9-937535349E3D}.Release|Any CPU.ActiveCfg = Release|Any CPU
		{2DA5F634-2E5A-4F58-95A9-937535349E3D}.Release|Any CPU.Build.0 = Release|Any CPU
		{0EA764C1-F609-485D-87F1-9CAB356BB9E8}.Debug|Any CPU.ActiveCfg = Debug|Any CPU
		{0EA764C1-F609-485D-87F1-9CAB356BB9E8}.Debug|Any CPU.Build.0 = Debug|Any CPU
		{0EA764C1-F609-485D-87F1-9CAB356BB9E8}.Release|Any CPU.ActiveCfg = Release|Any CPU
		{0EA764C1-F609-485D-87F1-9CAB356BB9E8}.Release|Any CPU.Build.0 = Release|Any CPU
		{81D0166B-4176-4241-A87E-AB375C9B91F9}.Debug|Any CPU.ActiveCfg = Debug|Any CPU
		{81D0166B-4176-4241-A87E-AB375C9B91F9}.Debug|Any CPU.Build.0 = Debug|Any CPU
		{81D0166B-4176-4241-A87E-AB375C9B91F9}.Release|Any CPU.ActiveCfg = Release|Any CPU
		{81D0166B-4176-4241-A87E-AB375C9B91F9}.Release|Any CPU.Build.0 = Release|Any CPU
		{32008077-19A4-4D07-955E-7068FBE12015}.Debug|Any CPU.ActiveCfg = Debug|Any CPU
		{32008077-19A4-4D07-955E-7068FBE12015}.Debug|Any CPU.Build.0 = Debug|Any CPU
		{32008077-19A4-4D07-955E-7068FBE12015}.Release|Any CPU.ActiveCfg = Release|Any CPU
		{32008077-19A4-4D07-955E-7068FBE12015}.Release|Any CPU.Build.0 = Release|Any CPU
		{5CD0E2ED-8504-4DD4-8412-7696812C1745}.Debug|Any CPU.ActiveCfg = Debug|Any CPU
		{5CD0E2ED-8504-4DD4-8412-7696812C1745}.Debug|Any CPU.Build.0 = Debug|Any CPU
		{5CD0E2ED-8504-4DD4-8412-7696812C1745}.Release|Any CPU.ActiveCfg = Release|Any CPU
		{5CD0E2ED-8504-4DD4-8412-7696812C1745}.Release|Any CPU.Build.0 = Release|Any CPU
		{E0347ACE-94C8-410F-A18C-DB8040942F43}.Debug|Any CPU.ActiveCfg = Debug|Any CPU
		{E0347ACE-94C8-410F-A18C-DB8040942F43}.Debug|Any CPU.Build.0 = Debug|Any CPU
		{E0347ACE-94C8-410F-A18C-DB8040942F43}.Release|Any CPU.ActiveCfg = Release|Any CPU
		{E0347ACE-94C8-410F-A18C-DB8040942F43}.Release|Any CPU.Build.0 = Release|Any CPU
		{290062C4-3398-4EBD-8ED5-F291E484CF87}.Debug|Any CPU.ActiveCfg = Debug|Any CPU
		{290062C4-3398-4EBD-8ED5-F291E484CF87}.Debug|Any CPU.Build.0 = Debug|Any CPU
		{290062C4-3398-4EBD-8ED5-F291E484CF87}.Release|Any CPU.ActiveCfg = Release|Any CPU
		{290062C4-3398-4EBD-8ED5-F291E484CF87}.Release|Any CPU.Build.0 = Release|Any CPU
	EndGlobalSection
	GlobalSection(SolutionProperties) = preSolution
		HideSolutionNode = FALSE
	EndGlobalSection
	GlobalSection(ExtensibilityGlobals) = postSolution
		SolutionGuid = {9E419B8A-B948-4560-A7FC-E10DE34E8314}
	EndGlobalSection
EndGlobal
